
Microsoft Visual Studio Solution File, Format Version 12.00
# Visual Studio Version 17
VisualStudioVersion = 17.0.31903.59
MinimumVisualStudioVersion = 10.0.40219.1
Project("{FAE04EC0-301F-11D3-BF4B-00C04F79EFBC}") = "DemoBuilder", "DemoBuilder\DemoBuilder.csproj", "{A4C17FEE-0657-4B63-AE34-1987CFCB84EA}"
EndProject
Project("{FAE04EC0-301F-11D3-BF4B-00C04F79EFBC}") = "DemoGame", "DemoGame\DemoGame.csproj", "{7F5D5D24-5E76-4A6B-BC26-2C07CD88A1A4}"
EndProject
Project("{2150E333-8FDC-42A3-9474-1A3956D46DE8}") = "external", "external", "{A288BEE0-695A-BEEA-455C-649571D89326}"
EndProject
Project("{2150E333-8FDC-42A3-9474-1A3956D46DE8}") = "MonoGame", "MonoGame", "{F28E4649-3132-636A-F8D7-6EC7990A5429}"
EndProject
Project("{2150E333-8FDC-42A3-9474-1A3956D46DE8}") = "MonoGame.Framework", "MonoGame.Framework", "{17E4295C-B467-4C87-A6B4-10DA383E2C0B}"
EndProject
Project("{FAE04EC0-301F-11D3-BF4B-00C04F79EFBC}") = "MonoGame.Framework.DesktopGL", "external\MonoGame\MonoGame.Framework\MonoGame.Framework.DesktopGL.csproj", "{90D6E1DA-FE7B-4FD5-8A1B-13C626B08BB5}"
EndProject
Project("{FAE04EC0-301F-11D3-BF4B-00C04F79EFBC}") = "MonoGame.Framework.Content.Pipeline", "external\MonoGame\MonoGame.Framework.Content.Pipeline\MonoGame.Framework.Content.Pipeline.csproj", "{96C25F46-21F5-48A5-AA97-EE34C1BF0E3D}"
EndProject
Project("{2150E333-8FDC-42A3-9474-1A3956D46DE8}") = "Tools", "Tools", "{4D200A67-0CC8-8CC0-96DE-A737D3BF15B6}"
EndProject
Project("{FAE04EC0-301F-11D3-BF4B-00C04F79EFBC}") = "MonoGame.Content.Builder", "external\MonoGame\Tools\MonoGame.Content.Builder\MonoGame.Content.Builder.csproj", "{CC28A1A4-D58F-4844-95C4-62980B2276FA}"
EndProject
Project("{2150E333-8FDC-42A3-9474-1A3956D46DE8}") = "MonoGame-Extended", "MonoGame-Extended", "{965567CB-F937-ED3B-4D75-C4A4A730D130}"
EndProject
Project("{2150E333-8FDC-42A3-9474-1A3956D46DE8}") = "source", "source", "{A861F3F9-2044-37F0-E7B3-461899AAB15E}"
EndProject
Project("{FAE04EC0-301F-11D3-BF4B-00C04F79EFBC}") = "MonoGame.Extended", "external\MonoGame-Extended\source\MonoGame.Extended\MonoGame.Extended.csproj", "{4D416AA6-4B6F-48AE-9453-30961D856FEE}"
EndProject
Project("{FAE04EC0-301F-11D3-BF4B-00C04F79EFBC}") = "MonoGame.Extended.Content.Pipeline", "external\MonoGame-Extended\source\MonoGame.Extended.Content.Pipeline\MonoGame.Extended.Content.Pipeline.csproj", "{A6D35983-FCAB-42E7-8FD2-514492954F86}"
EndProject
Global
	GlobalSection(SolutionConfigurationPlatforms) = preSolution
		Debug|Any CPU = Debug|Any CPU
		Debug|x64 = Debug|x64
		Debug|x86 = Debug|x86
		Release|Any CPU = Release|Any CPU
		Release|x64 = Release|x64
		Release|x86 = Release|x86
	EndGlobalSection
	GlobalSection(ProjectConfigurationPlatforms) = postSolution
		{A4C17FEE-0657-4B63-AE34-1987CFCB84EA}.Debug|Any CPU.ActiveCfg = Debug|Any CPU
		{A4C17FEE-0657-4B63-AE34-1987CFCB84EA}.Debug|Any CPU.Build.0 = Debug|Any CPU
		{A4C17FEE-0657-4B63-AE34-1987CFCB84EA}.Debug|x64.ActiveCfg = Debug|Any CPU
		{A4C17FEE-0657-4B63-AE34-1987CFCB84EA}.Debug|x64.Build.0 = Debug|Any CPU
		{A4C17FEE-0657-4B63-AE34-1987CFCB84EA}.Debug|x86.ActiveCfg = Debug|Any CPU
		{A4C17FEE-0657-4B63-AE34-1987CFCB84EA}.Debug|x86.Build.0 = Debug|Any CPU
		{A4C17FEE-0657-4B63-AE34-1987CFCB84EA}.Release|Any CPU.ActiveCfg = Release|Any CPU
		{A4C17FEE-0657-4B63-AE34-1987CFCB84EA}.Release|Any CPU.Build.0 = Release|Any CPU
		{A4C17FEE-0657-4B63-AE34-1987CFCB84EA}.Release|x64.ActiveCfg = Release|Any CPU
		{A4C17FEE-0657-4B63-AE34-1987CFCB84EA}.Release|x64.Build.0 = Release|Any CPU
		{A4C17FEE-0657-4B63-AE34-1987CFCB84EA}.Release|x86.ActiveCfg = Release|Any CPU
		{A4C17FEE-0657-4B63-AE34-1987CFCB84EA}.Release|x86.Build.0 = Release|Any CPU
		{7F5D5D24-5E76-4A6B-BC26-2C07CD88A1A4}.Debug|Any CPU.ActiveCfg = Debug|Any CPU
		{7F5D5D24-5E76-4A6B-BC26-2C07CD88A1A4}.Debug|Any CPU.Build.0 = Debug|Any CPU
		{7F5D5D24-5E76-4A6B-BC26-2C07CD88A1A4}.Debug|x64.ActiveCfg = Debug|Any CPU
		{7F5D5D24-5E76-4A6B-BC26-2C07CD88A1A4}.Debug|x64.Build.0 = Debug|Any CPU
		{7F5D5D24-5E76-4A6B-BC26-2C07CD88A1A4}.Debug|x86.ActiveCfg = Debug|Any CPU
		{7F5D5D24-5E76-4A6B-BC26-2C07CD88A1A4}.Debug|x86.Build.0 = Debug|Any CPU
		{7F5D5D24-5E76-4A6B-BC26-2C07CD88A1A4}.Release|Any CPU.ActiveCfg = Release|Any CPU
		{7F5D5D24-5E76-4A6B-BC26-2C07CD88A1A4}.Release|Any CPU.Build.0 = Release|Any CPU
		{7F5D5D24-5E76-4A6B-BC26-2C07CD88A1A4}.Release|x64.ActiveCfg = Release|Any CPU
		{7F5D5D24-5E76-4A6B-BC26-2C07CD88A1A4}.Release|x64.Build.0 = Release|Any CPU
		{7F5D5D24-5E76-4A6B-BC26-2C07CD88A1A4}.Release|x86.ActiveCfg = Release|Any CPU
		{7F5D5D24-5E76-4A6B-BC26-2C07CD88A1A4}.Release|x86.Build.0 = Release|Any CPU
		{90D6E1DA-FE7B-4FD5-8A1B-13C626B08BB5}.Debug|Any CPU.ActiveCfg = Debug|Any CPU
		{90D6E1DA-FE7B-4FD5-8A1B-13C626B08BB5}.Debug|Any CPU.Build.0 = Debug|Any CPU
		{90D6E1DA-FE7B-4FD5-8A1B-13C626B08BB5}.Debug|x64.ActiveCfg = Debug|Any CPU
		{90D6E1DA-FE7B-4FD5-8A1B-13C626B08BB5}.Debug|x64.Build.0 = Debug|Any CPU
		{90D6E1DA-FE7B-4FD5-8A1B-13C626B08BB5}.Debug|x86.ActiveCfg = Debug|Any CPU
		{90D6E1DA-FE7B-4FD5-8A1B-13C626B08BB5}.Debug|x86.Build.0 = Debug|Any CPU
		{90D6E1DA-FE7B-4FD5-8A1B-13C626B08BB5}.Release|Any CPU.ActiveCfg = Release|Any CPU
		{90D6E1DA-FE7B-4FD5-8A1B-13C626B08BB5}.Release|Any CPU.Build.0 = Release|Any CPU
		{90D6E1DA-FE7B-4FD5-8A1B-13C626B08BB5}.Release|x64.ActiveCfg = Release|Any CPU
		{90D6E1DA-FE7B-4FD5-8A1B-13C626B08BB5}.Release|x64.Build.0 = Release|Any CPU
		{90D6E1DA-FE7B-4FD5-8A1B-13C626B08BB5}.Release|x86.ActiveCfg = Release|Any CPU
		{90D6E1DA-FE7B-4FD5-8A1B-13C626B08BB5}.Release|x86.Build.0 = Release|Any CPU
		{96C25F46-21F5-48A5-AA97-EE34C1BF0E3D}.Debug|Any CPU.ActiveCfg = Debug|Any CPU
		{96C25F46-21F5-48A5-AA97-EE34C1BF0E3D}.Debug|Any CPU.Build.0 = Debug|Any CPU
		{96C25F46-21F5-48A5-AA97-EE34C1BF0E3D}.Debug|x64.ActiveCfg = Debug|Any CPU
		{96C25F46-21F5-48A5-AA97-EE34C1BF0E3D}.Debug|x64.Build.0 = Debug|Any CPU
		{96C25F46-21F5-48A5-AA97-EE34C1BF0E3D}.Debug|x86.ActiveCfg = Debug|Any CPU
		{96C25F46-21F5-48A5-AA97-EE34C1BF0E3D}.Debug|x86.Build.0 = Debug|Any CPU
		{96C25F46-21F5-48A5-AA97-EE34C1BF0E3D}.Release|Any CPU.ActiveCfg = Release|Any CPU
		{96C25F46-21F5-48A5-AA97-EE34C1BF0E3D}.Release|Any CPU.Build.0 = Release|Any CPU
		{96C25F46-21F5-48A5-AA97-EE34C1BF0E3D}.Release|x64.ActiveCfg = Release|Any CPU
		{96C25F46-21F5-48A5-AA97-EE34C1BF0E3D}.Release|x64.Build.0 = Release|Any CPU
		{96C25F46-21F5-48A5-AA97-EE34C1BF0E3D}.Release|x86.ActiveCfg = Release|Any CPU
		{96C25F46-21F5-48A5-AA97-EE34C1BF0E3D}.Release|x86.Build.0 = Release|Any CPU
		{CC28A1A4-D58F-4844-95C4-62980B2276FA}.Debug|Any CPU.ActiveCfg = Debug|Any CPU
		{CC28A1A4-D58F-4844-95C4-62980B2276FA}.Debug|Any CPU.Build.0 = Debug|Any CPU
		{CC28A1A4-D58F-4844-95C4-62980B2276FA}.Debug|x64.ActiveCfg = Debug|Any CPU
		{CC28A1A4-D58F-4844-95C4-62980B2276FA}.Debug|x64.Build.0 = Debug|Any CPU
		{CC28A1A4-D58F-4844-95C4-62980B2276FA}.Debug|x86.ActiveCfg = Debug|Any CPU
		{CC28A1A4-D58F-4844-95C4-62980B2276FA}.Debug|x86.Build.0 = Debug|Any CPU
		{CC28A1A4-D58F-4844-95C4-62980B2276FA}.Release|Any CPU.ActiveCfg = Release|Any CPU
		{CC28A1A4-D58F-4844-95C4-62980B2276FA}.Release|Any CPU.Build.0 = Release|Any CPU
		{CC28A1A4-D58F-4844-95C4-62980B2276FA}.Release|x64.ActiveCfg = Release|Any CPU
		{CC28A1A4-D58F-4844-95C4-62980B2276FA}.Release|x64.Build.0 = Release|Any CPU
		{CC28A1A4-D58F-4844-95C4-62980B2276FA}.Release|x86.ActiveCfg = Release|Any CPU
		{CC28A1A4-D58F-4844-95C4-62980B2276FA}.Release|x86.Build.0 = Release|Any CPU
		{4D416AA6-4B6F-48AE-9453-30961D856FEE}.Debug|Any CPU.ActiveCfg = Debug|Any CPU
		{4D416AA6-4B6F-48AE-9453-30961D856FEE}.Debug|Any CPU.Build.0 = Debug|Any CPU
		{4D416AA6-4B6F-48AE-9453-30961D856FEE}.Debug|x64.ActiveCfg = Debug|Any CPU
		{4D416AA6-4B6F-48AE-9453-30961D856FEE}.Debug|x64.Build.0 = Debug|Any CPU
		{4D416AA6-4B6F-48AE-9453-30961D856FEE}.Debug|x86.ActiveCfg = Debug|Any CPU
		{4D416AA6-4B6F-48AE-9453-30961D856FEE}.Debug|x86.Build.0 = Debug|Any CPU
		{4D416AA6-4B6F-48AE-9453-30961D856FEE}.Release|Any CPU.ActiveCfg = Release|Any CPU
		{4D416AA6-4B6F-48AE-9453-30961D856FEE}.Release|Any CPU.Build.0 = Release|Any CPU
		{4D416AA6-4B6F-48AE-9453-30961D856FEE}.Release|x64.ActiveCfg = Release|Any CPU
		{4D416AA6-4B6F-48AE-9453-30961D856FEE}.Release|x64.Build.0 = Release|Any CPU
		{4D416AA6-4B6F-48AE-9453-30961D856FEE}.Release|x86.ActiveCfg = Release|Any CPU
		{4D416AA6-4B6F-48AE-9453-30961D856FEE}.Release|x86.Build.0 = Release|Any CPU
		{A6D35983-FCAB-42E7-8FD2-514492954F86}.Debug|Any CPU.ActiveCfg = Debug|Any CPU
		{A6D35983-FCAB-42E7-8FD2-514492954F86}.Debug|Any CPU.Build.0 = Debug|Any CPU
		{A6D35983-FCAB-42E7-8FD2-514492954F86}.Debug|x64.ActiveCfg = Debug|Any CPU
		{A6D35983-FCAB-42E7-8FD2-514492954F86}.Debug|x64.Build.0 = Debug|Any CPU
		{A6D35983-FCAB-42E7-8FD2-514492954F86}.Debug|x86.ActiveCfg = Debug|Any CPU
		{A6D35983-FCAB-42E7-8FD2-514492954F86}.Debug|x86.Build.0 = Debug|Any CPU
		{A6D35983-FCAB-42E7-8FD2-514492954F86}.Release|Any CPU.ActiveCfg = Release|Any CPU
		{A6D35983-FCAB-42E7-8FD2-514492954F86}.Release|Any CPU.Build.0 = Release|Any CPU
		{A6D35983-FCAB-42E7-8FD2-514492954F86}.Release|x64.ActiveCfg = Release|Any CPU
		{A6D35983-FCAB-42E7-8FD2-514492954F86}.Release|x64.Build.0 = Release|Any CPU
		{A6D35983-FCAB-42E7-8FD2-514492954F86}.Release|x86.ActiveCfg = Release|Any CPU
		{A6D35983-FCAB-42E7-8FD2-514492954F86}.Release|x86.Build.0 = Release|Any CPU
	EndGlobalSection
	GlobalSection(SolutionProperties) = preSolution
		HideSolutionNode = FALSE
	EndGlobalSection
	GlobalSection(NestedProjects) = preSolution
		{F28E4649-3132-636A-F8D7-6EC7990A5429} = {A288BEE0-695A-BEEA-455C-649571D89326}
		{17E4295C-B467-4C87-A6B4-10DA383E2C0B} = {F28E4649-3132-636A-F8D7-6EC7990A5429}
		{90D6E1DA-FE7B-4FD5-8A1B-13C626B08BB5} = {17E4295C-B467-4C87-A6B4-10DA383E2C0B}
		{96C25F46-21F5-48A5-AA97-EE34C1BF0E3D} = {F28E4649-3132-636A-F8D7-6EC7990A5429}
		{4D200A67-0CC8-8CC0-96DE-A737D3BF15B6} = {F28E4649-3132-636A-F8D7-6EC7990A5429}
		{CC28A1A4-D58F-4844-95C4-62980B2276FA} = {4D200A67-0CC8-8CC0-96DE-A737D3BF15B6}
		{965567CB-F937-ED3B-4D75-C4A4A730D130} = {A288BEE0-695A-BEEA-455C-649571D89326}
		{A861F3F9-2044-37F0-E7B3-461899AAB15E} = {965567CB-F937-ED3B-4D75-C4A4A730D130}
		{4D416AA6-4B6F-48AE-9453-30961D856FEE} = {A861F3F9-2044-37F0-E7B3-461899AAB15E}
		{A6D35983-FCAB-42E7-8FD2-514492954F86} = {A861F3F9-2044-37F0-E7B3-461899AAB15E}
	EndGlobalSection
EndGlobal
